
Microsoft Visual Studio Solution File, Format Version 12.00
# Visual Studio Version 17
VisualStudioVersion = 17.3.32922.545
MinimumVisualStudioVersion = 10.0.40219.1
Project("{FAE04EC0-301F-11D3-BF4B-00C04F79EFBC}") = "thulan2", "thulan2\thulan2.csproj", "{11A01535-3DDA-48BF-B26A-9018076F958F}"
EndProject
Global
	GlobalSection(SolutionConfigurationPlatforms) = preSolution
		Debug|Any CPU = Debug|Any CPU
		Release|Any CPU = Release|Any CPU
	EndGlobalSection
	GlobalSection(ProjectConfigurationPlatforms) = postSolution
		{11A01535-3DDA-48BF-B26A-9018076F958F}.Debug|Any CPU.ActiveCfg = Debug|Any CPU
		{11A01535-3DDA-48BF-B26A-9018076F958F}.Debug|Any CPU.Build.0 = Debug|Any CPU
		{11A01535-3DDA-48BF-B26A-9018076F958F}.Release|Any CPU.ActiveCfg = Release|Any CPU
		{11A01535-3DDA-48BF-B26A-9018076F958F}.Release|Any CPU.Build.0 = Release|Any CPU
	EndGlobalSection
	GlobalSection(SolutionProperties) = preSolution
		HideSolutionNode = FALSE
	EndGlobalSection
	GlobalSection(ExtensibilityGlobals) = postSolution
		SolutionGuid = {E0061104-36A6-42B2-A8B7-6C683118B90B}
	EndGlobalSection
EndGlobal
